// !$*UTF8*$!
{
	archiveVersion = 1;
	classes = {
	};
	objectVersion = 56;
	objects = {

/* Begin PBXBuildFile section */
		DA3D3EA12958BEBA002A6A76 /* AwardsCollectionSwiftUIApp.swift in Sources */ = {isa = PBXBuildFile; fileRef = DA3D3EA02958BEBA002A6A76 /* AwardsCollectionSwiftUIApp.swift */; };
		DA3D3EA32958BEBA002A6A76 /* ContentView.swift in Sources */ = {isa = PBXBuildFile; fileRef = DA3D3EA22958BEBA002A6A76 /* ContentView.swift */; };
		DA3D3EA52958BEBB002A6A76 /* Assets.xcassets in Resources */ = {isa = PBXBuildFile; fileRef = DA3D3EA42958BEBB002A6A76 /* Assets.xcassets */; };
		DA3D3EA82958BEBB002A6A76 /* Preview Assets.xcassets in Resources */ = {isa = PBXBuildFile; fileRef = DA3D3EA72958BEBB002A6A76 /* Preview Assets.xcassets */; };
		DA3D3EAF2958BEE0002A6A76 /* GradientRectangles.swift in Sources */ = {isa = PBXBuildFile; fileRef = DA3D3EAE2958BEE0002A6A76 /* GradientRectangles.swift */; };
		DA3D3EB12958C0D1002A6A76 /* AwardsView.swift in Sources */ = {isa = PBXBuildFile; fileRef = DA3D3EB02958C0D1002A6A76 /* AwardsView.swift */; };
		DA3D3EB32958C285002A6A76 /* PathView.swift in Sources */ = {isa = PBXBuildFile; fileRef = DA3D3EB22958C285002A6A76 /* PathView.swift */; };
		DA3D3EB52958C71E002A6A76 /* CurvesView.swift in Sources */ = {isa = PBXBuildFile; fileRef = DA3D3EB42958C71E002A6A76 /* CurvesView.swift */; };
		DA3D3EB72958CB96002A6A76 /* MainView.swift in Sources */ = {isa = PBXBuildFile; fileRef = DA3D3EB62958CB96002A6A76 /* MainView.swift */; };
		DA4EB9C6295A1D0E000462F0 /* GradientStar.swift in Sources */ = {isa = PBXBuildFile; fileRef = DA4EB9C5295A1D0E000462F0 /* GradientStar.swift */; };
		DA8972A0295CB1FC001C7A92 /* CustomGridView.swift in Sources */ = {isa = PBXBuildFile; fileRef = DA89729F295CB1FC001C7A92 /* CustomGridView.swift */; };
		DA8972A3295CBA06001C7A92 /* Award.swift in Sources */ = {isa = PBXBuildFile; fileRef = DA8972A2295CBA06001C7A92 /* Award.swift */; };
		DA902F132959CEC00001A54E /* CartRacingView.swift in Sources */ = {isa = PBXBuildFile; fileRef = DA902F122959CEC00001A54E /* CartRacingView.swift */; };
/* End PBXBuildFile section */

/* Begin PBXFileReference section */
		DA3D3E9D2958BEBA002A6A76 /* AwardsCollectionSwiftUI.app */ = {isa = PBXFileReference; explicitFileType = wrapper.application; includeInIndex = 0; path = AwardsCollectionSwiftUI.app; sourceTree = BUILT_PRODUCTS_DIR; };
		DA3D3EA02958BEBA002A6A76 /* AwardsCollectionSwiftUIApp.swift */ = {isa = PBXFileReference; lastKnownFileType = sourcecode.swift; path = AwardsCollectionSwiftUIApp.swift; sourceTree = "<group>"; };
		DA3D3EA22958BEBA002A6A76 /* ContentView.swift */ = {isa = PBXFileReference; lastKnownFileType = sourcecode.swift; path = ContentView.swift; sourceTree = "<group>"; };
		DA3D3EA42958BEBB002A6A76 /* Assets.xcassets */ = {isa = PBXFileReference; lastKnownFileType = folder.assetcatalog; path = Assets.xcassets; sourceTree = "<group>"; };
		DA3D3EA72958BEBB002A6A76 /* Preview Assets.xcassets */ = {isa = PBXFileReference; lastKnownFileType = folder.assetcatalog; path = "Preview Assets.xcassets"; sourceTree = "<group>"; };
		DA3D3EAE2958BEE0002A6A76 /* GradientRectangles.swift */ = {isa = PBXFileReference; lastKnownFileType = sourcecode.swift; path = GradientRectangles.swift; sourceTree = "<group>"; };
		DA3D3EB02958C0D1002A6A76 /* AwardsView.swift */ = {isa = PBXFileReference; lastKnownFileType = sourcecode.swift; path = AwardsView.swift; sourceTree = "<group>"; };
		DA3D3EB22958C285002A6A76 /* PathView.swift */ = {isa = PBXFileReference; lastKnownFileType = sourcecode.swift; path = PathView.swift; sourceTree = "<group>"; };
		DA3D3EB42958C71E002A6A76 /* CurvesView.swift */ = {isa = PBXFileReference; lastKnownFileType = sourcecode.swift; path = CurvesView.swift; sourceTree = "<group>"; };
		DA3D3EB62958CB96002A6A76 /* MainView.swift */ = {isa = PBXFileReference; lastKnownFileType = sourcecode.swift; path = MainView.swift; sourceTree = "<group>"; };
		DA4EB9C5295A1D0E000462F0 /* GradientStar.swift */ = {isa = PBXFileReference; lastKnownFileType = sourcecode.swift; path = GradientStar.swift; sourceTree = "<group>"; };
		DA89729F295CB1FC001C7A92 /* CustomGridView.swift */ = {isa = PBXFileReference; lastKnownFileType = sourcecode.swift; path = CustomGridView.swift; sourceTree = "<group>"; };
		DA8972A2295CBA06001C7A92 /* Award.swift */ = {isa = PBXFileReference; lastKnownFileType = sourcecode.swift; path = Award.swift; sourceTree = "<group>"; };
		DA902F122959CEC00001A54E /* CartRacingView.swift */ = {isa = PBXFileReference; lastKnownFileType = sourcecode.swift; path = CartRacingView.swift; sourceTree = "<group>"; };
/* End PBXFileReference section */

/* Begin PBXFrameworksBuildPhase section */
		DA3D3E9A2958BEBA002A6A76 /* Frameworks */ = {
			isa = PBXFrameworksBuildPhase;
			buildActionMask = 2147483647;
			files = (
			);
			runOnlyForDeploymentPostprocessing = 0;
		};
/* End PBXFrameworksBuildPhase section */

/* Begin PBXGroup section */
		DA3D3E942958BEBA002A6A76 = {
			isa = PBXGroup;
			children = (
				DA3D3E9F2958BEBA002A6A76 /* AwardsCollectionSwiftUI */,
				DA3D3E9E2958BEBA002A6A76 /* Products */,
			);
			sourceTree = "<group>";
		};
		DA3D3E9E2958BEBA002A6A76 /* Products */ = {
			isa = PBXGroup;
			children = (
				DA3D3E9D2958BEBA002A6A76 /* AwardsCollectionSwiftUI.app */,
			);
			name = Products;
			sourceTree = "<group>";
		};
		DA3D3E9F2958BEBA002A6A76 /* AwardsCollectionSwiftUI */ = {
			isa = PBXGroup;
			children = (
				DA3D3EA02958BEBA002A6A76 /* AwardsCollectionSwiftUIApp.swift */,
				DA3D3EA22958BEBA002A6A76 /* ContentView.swift */,
				DA3D3EB62958CB96002A6A76 /* MainView.swift */,
				DA3D3EB02958C0D1002A6A76 /* AwardsView.swift */,
				DA902F122959CEC00001A54E /* CartRacingView.swift */,
				DA3D3EAE2958BEE0002A6A76 /* GradientRectangles.swift */,
				DA3D3EB22958C285002A6A76 /* PathView.swift */,
				DA3D3EB42958C71E002A6A76 /* CurvesView.swift */,
				DA4EB9C5295A1D0E000462F0 /* GradientStar.swift */,
				DA8972A1295CB20D001C7A92 /* Grids */,
				DA3D3EA42958BEBB002A6A76 /* Assets.xcassets */,
				DA3D3EA62958BEBB002A6A76 /* Preview Content */,
				DA8972A2295CBA06001C7A92 /* Award.swift */,
			);
			path = AwardsCollectionSwiftUI;
			sourceTree = "<group>";
		};
		DA3D3EA62958BEBB002A6A76 /* Preview Content */ = {
			isa = PBXGroup;
			children = (
				DA3D3EA72958BEBB002A6A76 /* Preview Assets.xcassets */,
			);
			path = "Preview Content";
			sourceTree = "<group>";
		};
		DA8972A1295CB20D001C7A92 /* Grids */ = {
			isa = PBXGroup;
			children = (
				DA89729F295CB1FC001C7A92 /* CustomGridView.swift */,
			);
			path = Grids;
			sourceTree = "<group>";
		};
/* End PBXGroup section */

/* Begin PBXNativeTarget section */
		DA3D3E9C2958BEBA002A6A76 /* AwardsCollectionSwiftUI */ = {
			isa = PBXNativeTarget;
			buildConfigurationList = DA3D3EAB2958BEBB002A6A76 /* Build configuration list for PBXNativeTarget "AwardsCollectionSwiftUI" */;
			buildPhases = (
				DA3D3E992958BEBA002A6A76 /* Sources */,
				DA3D3E9A2958BEBA002A6A76 /* Frameworks */,
				DA3D3E9B2958BEBA002A6A76 /* Resources */,
			);
			buildRules = (
			);
			dependencies = (
			);
			name = AwardsCollectionSwiftUI;
			productName = AwardsCollectionSwiftUI;
			productReference = DA3D3E9D2958BEBA002A6A76 /* AwardsCollectionSwiftUI.app */;
			productType = "com.apple.product-type.application";
		};
/* End PBXNativeTarget section */

/* Begin PBXProject section */
		DA3D3E952958BEBA002A6A76 /* Project object */ = {
			isa = PBXProject;
			attributes = {
				BuildIndependentTargetsInParallel = 1;
				LastSwiftUpdateCheck = 1420;
				LastUpgradeCheck = 1420;
				TargetAttributes = {
					DA3D3E9C2958BEBA002A6A76 = {
						CreatedOnToolsVersion = 14.2;
					};
				};
			};
			buildConfigurationList = DA3D3E982958BEBA002A6A76 /* Build configuration list for PBXProject "AwardsCollectionSwiftUI" */;
			compatibilityVersion = "Xcode 14.0";
			developmentRegion = en;
			hasScannedForEncodings = 0;
			knownRegions = (
				en,
				Base,
			);
			mainGroup = DA3D3E942958BEBA002A6A76;
			productRefGroup = DA3D3E9E2958BEBA002A6A76 /* Products */;
			projectDirPath = "";
			projectRoot = "";
			targets = (
				DA3D3E9C2958BEBA002A6A76 /* AwardsCollectionSwiftUI */,
			);
		};
/* End PBXProject section */

/* Begin PBXResourcesBuildPhase section */
		DA3D3E9B2958BEBA002A6A76 /* Resources */ = {
			isa = PBXResourcesBuildPhase;
			buildActionMask = 2147483647;
			files = (
				DA3D3EA82958BEBB002A6A76 /* Preview Assets.xcassets in Resources */,
				DA3D3EA52958BEBB002A6A76 /* Assets.xcassets in Resources */,
			);
			runOnlyForDeploymentPostprocessing = 0;
		};
/* End PBXResourcesBuildPhase section */

/* Begin PBXSourcesBuildPhase section */
		DA3D3E992958BEBA002A6A76 /* Sources */ = {
			isa = PBXSourcesBuildPhase;
			buildActionMask = 2147483647;
			files = (
				DA902F132959CEC00001A54E /* CartRacingView.swift in Sources */,
				DA3D3EB52958C71E002A6A76 /* CurvesView.swift in Sources */,
				DA4EB9C6295A1D0E000462F0 /* GradientStar.swift in Sources */,
				DA8972A3295CBA06001C7A92 /* Award.swift in Sources */,
				DA3D3EB72958CB96002A6A76 /* MainView.swift in Sources */,
				DA3D3EB32958C285002A6A76 /* PathView.swift in Sources */,
				DA3D3EB12958C0D1002A6A76 /* AwardsView.swift in Sources */,
				DA3D3EA32958BEBA002A6A76 /* ContentView.swift in Sources */,
				DA3D3EA12958BEBA002A6A76 /* AwardsCollectionSwiftUIApp.swift in Sources */,
				DA3D3EAF2958BEE0002A6A76 /* GradientRectangles.swift in Sources */,
				DA8972A0295CB1FC001C7A92 /* CustomGridView.swift in Sources */,
			);
			runOnlyForDeploymentPostprocessing = 0;
		};
/* End PBXSourcesBuildPhase section */

/* Begin XCBuildConfiguration section */
		DA3D3EA92958BEBB002A6A76 /* Debug */ = {
			isa = XCBuildConfiguration;
			buildSettings = {
				ALWAYS_SEARCH_USER_PATHS = NO;
				CLANG_ANALYZER_NONNULL = YES;
				CLANG_ANALYZER_NUMBER_OBJECT_CONVERSION = YES_AGGRESSIVE;
				CLANG_CXX_LANGUAGE_STANDARD = "gnu++20";
				CLANG_ENABLE_MODULES = YES;
				CLANG_ENABLE_OBJC_ARC = YES;
				CLANG_ENABLE_OBJC_WEAK = YES;
				CLANG_WARN_BLOCK_CAPTURE_AUTORELEASING = YES;
				CLANG_WARN_BOOL_CONVERSION = YES;
				CLANG_WARN_COMMA = YES;
				CLANG_WARN_CONSTANT_CONVERSION = YES;
				CLANG_WARN_DEPRECATED_OBJC_IMPLEMENTATIONS = YES;
				CLANG_WARN_DIRECT_OBJC_ISA_USAGE = YES_ERROR;
				CLANG_WARN_DOCUMENTATION_COMMENTS = YES;
				CLANG_WARN_EMPTY_BODY = YES;
				CLANG_WARN_ENUM_CONVERSION = YES;
				CLANG_WARN_INFINITE_RECURSION = YES;
				CLANG_WARN_INT_CONVERSION = YES;
				CLANG_WARN_NON_LITERAL_NULL_CONVERSION = YES;
				CLANG_WARN_OBJC_IMPLICIT_RETAIN_SELF = YES;
				CLANG_WARN_OBJC_LITERAL_CONVERSION = YES;
				CLANG_WARN_OBJC_ROOT_CLASS = YES_ERROR;
				CLANG_WARN_QUOTED_INCLUDE_IN_FRAMEWORK_HEADER = YES;
				CLANG_WARN_RANGE_LOOP_ANALYSIS = YES;
				CLANG_WARN_STRICT_PROTOTYPES = YES;
				CLANG_WARN_SUSPICIOUS_MOVE = YES;
				CLANG_WARN_UNGUARDED_AVAILABILITY = YES_AGGRESSIVE;
				CLANG_WARN_UNREACHABLE_CODE = YES;
				CLANG_WARN__DUPLICATE_METHOD_MATCH = YES;
				COPY_PHASE_STRIP = NO;
				DEBUG_INFORMATION_FORMAT = dwarf;
				ENABLE_STRICT_OBJC_MSGSEND = YES;
				ENABLE_TESTABILITY = YES;
				GCC_C_LANGUAGE_STANDARD = gnu11;
				GCC_DYNAMIC_NO_PIC = NO;
				GCC_NO_COMMON_BLOCKS = YES;
				GCC_OPTIMIZATION_LEVEL = 0;
				GCC_PREPROCESSOR_DEFINITIONS = (
					"DEBUG=1",
					"$(inherited)",
				);
				GCC_WARN_64_TO_32_BIT_CONVERSION = YES;
				GCC_WARN_ABOUT_RETURN_TYPE = YES_ERROR;
				GCC_WARN_UNDECLARED_SELECTOR = YES;
				GCC_WARN_UNINITIALIZED_AUTOS = YES_AGGRESSIVE;
				GCC_WARN_UNUSED_FUNCTION = YES;
				GCC_WARN_UNUSED_VARIABLE = YES;
				IPHONEOS_DEPLOYMENT_TARGET = 16.2;
				MTL_ENABLE_DEBUG_INFO = INCLUDE_SOURCE;
				MTL_FAST_MATH = YES;
				ONLY_ACTIVE_ARCH = YES;
				SDKROOT = iphoneos;
				SWIFT_ACTIVE_COMPILATION_CONDITIONS = DEBUG;
				SWIFT_OPTIMIZATION_LEVEL = "-Onone";
			};
			name = Debug;
		};
		DA3D3EAA2958BEBB002A6A76 /* Release */ = {
			isa = XCBuildConfiguration;
			buildSettings = {
				ALWAYS_SEARCH_USER_PATHS = NO;
				CLANG_ANALYZER_NONNULL = YES;
				CLANG_ANALYZER_NUMBER_OBJECT_CONVERSION = YES_AGGRESSIVE;
				CLANG_CXX_LANGUAGE_STANDARD = "gnu++20";
				CLANG_ENABLE_MODULES = YES;
				CLANG_ENABLE_OBJC_ARC = YES;
				CLANG_ENABLE_OBJC_WEAK = YES;
				CLANG_WARN_BLOCK_CAPTURE_AUTORELEASING = YES;
				CLANG_WARN_BOOL_CONVERSION = YES;
				CLANG_WARN_COMMA = YES;
				CLANG_WARN_CONSTANT_CONVERSION = YES;
				CLANG_WARN_DEPRECATED_OBJC_IMPLEMENTATIONS = YES;
				CLANG_WARN_DIRECT_OBJC_ISA_USAGE = YES_ERROR;
				CLANG_WARN_DOCUMENTATION_COMMENTS = YES;
				CLANG_WARN_EMPTY_BODY = YES;
				CLANG_WARN_ENUM_CONVERSION = YES;
				CLANG_WARN_INFINITE_RECURSION = YES;
				CLANG_WARN_INT_CONVERSION = YES;
				CLANG_WARN_NON_LITERAL_NULL_CONVERSION = YES;
				CLANG_WARN_OBJC_IMPLICIT_RETAIN_SELF = YES;
				CLANG_WARN_OBJC_LITERAL_CONVERSION = YES;
				CLANG_WARN_OBJC_ROOT_CLASS = YES_ERROR;
				CLANG_WARN_QUOTED_INCLUDE_IN_FRAMEWORK_HEADER = YES;
				CLANG_WARN_RANGE_LOOP_ANALYSIS = YES;
				CLANG_WARN_STRICT_PROTOTYPES = YES;
				CLANG_WARN_SUSPICIOUS_MOVE = YES;
				CLANG_WARN_UNGUARDED_AVAILABILITY = YES_AGGRESSIVE;
				CLANG_WARN_UNREACHABLE_CODE = YES;
				CLANG_WARN__DUPLICATE_METHOD_MATCH = YES;
				COPY_PHASE_STRIP = NO;
				DEBUG_INFORMATION_FORMAT = "dwarf-with-dsym";
				ENABLE_NS_ASSERTIONS = NO;
				ENABLE_STRICT_OBJC_MSGSEND = YES;
				GCC_C_LANGUAGE_STANDARD = gnu11;
				GCC_NO_COMMON_BLOCKS = YES;
				GCC_WARN_64_TO_32_BIT_CONVERSION = YES;
				GCC_WARN_ABOUT_RETURN_TYPE = YES_ERROR;
				GCC_WARN_UNDECLARED_SELECTOR = YES;
				GCC_WARN_UNINITIALIZED_AUTOS = YES_AGGRESSIVE;
				GCC_WARN_UNUSED_FUNCTION = YES;
				GCC_WARN_UNUSED_VARIABLE = YES;
				IPHONEOS_DEPLOYMENT_TARGET = 16.2;
				MTL_ENABLE_DEBUG_INFO = NO;
				MTL_FAST_MATH = YES;
				SDKROOT = iphoneos;
				SWIFT_COMPILATION_MODE = wholemodule;
				SWIFT_OPTIMIZATION_LEVEL = "-O";
				VALIDATE_PRODUCT = YES;
			};
			name = Release;
		};
		DA3D3EAC2958BEBB002A6A76 /* Debug */ = {
			isa = XCBuildConfiguration;
			buildSettings = {
				ASSETCATALOG_COMPILER_APPICON_NAME = AppIcon;
				ASSETCATALOG_COMPILER_GLOBAL_ACCENT_COLOR_NAME = AccentColor;
				CODE_SIGN_STYLE = Automatic;
				CURRENT_PROJECT_VERSION = 1;
				DEVELOPMENT_ASSET_PATHS = "\"AwardsCollectionSwiftUI/Preview Content\"";
				ENABLE_PREVIEWS = YES;
				GENERATE_INFOPLIST_FILE = YES;
				INFOPLIST_KEY_UIApplicationSceneManifest_Generation = YES;
				INFOPLIST_KEY_UIApplicationSupportsIndirectInputEvents = YES;
				INFOPLIST_KEY_UILaunchScreen_Generation = YES;
				INFOPLIST_KEY_UISupportedInterfaceOrientations_iPad = "UIInterfaceOrientationPortrait UIInterfaceOrientationPortraitUpsideDown UIInterfaceOrientationLandscapeLeft UIInterfaceOrientationLandscapeRight";
				INFOPLIST_KEY_UISupportedInterfaceOrientations_iPhone = "UIInterfaceOrientationPortrait UIInterfaceOrientationLandscapeLeft UIInterfaceOrientationLandscapeRight";
				LD_RUNPATH_SEARCH_PATHS = (
					"$(inherited)",
					"@executable_path/Frameworks",
				);
				MARKETING_VERSION = 1.0;
				PRODUCT_BUNDLE_IDENTIFIER = "Nikita-Chekan.AwardsCollectionSwiftUI";
				PRODUCT_NAME = "$(TARGET_NAME)";
				SWIFT_EMIT_LOC_STRINGS = YES;
				SWIFT_VERSION = 5.0;
				TARGETED_DEVICE_FAMILY = "1,2";
			};
			name = Debug;
		};
		DA3D3EAD2958BEBB002A6A76 /* Release */ = {
			isa = XCBuildConfiguration;
			buildSettings = {
				ASSETCATALOG_COMPILER_APPICON_NAME = AppIcon;
				ASSETCATALOG_COMPILER_GLOBAL_ACCENT_COLOR_NAME = AccentColor;
				CODE_SIGN_STYLE = Automatic;
				CURRENT_PROJECT_VERSION = 1;
				DEVELOPMENT_ASSET_PATHS = "\"AwardsCollectionSwiftUI/Preview Content\"";
				ENABLE_PREVIEWS = YES;
				GENERATE_INFOPLIST_FILE = YES;
				INFOPLIST_KEY_UIApplicationSceneManifest_Generation = YES;
				INFOPLIST_KEY_UIApplicationSupportsIndirectInputEvents = YES;
				INFOPLIST_KEY_UILaunchScreen_Generation = YES;
				INFOPLIST_KEY_UISupportedInterfaceOrientations_iPad = "UIInterfaceOrientationPortrait UIInterfaceOrientationPortraitUpsideDown UIInterfaceOrientationLandscapeLeft UIInterfaceOrientationLandscapeRight";
				INFOPLIST_KEY_UISupportedInterfaceOrientations_iPhone = "UIInterfaceOrientationPortrait UIInterfaceOrientationLandscapeLeft UIInterfaceOrientationLandscapeRight";
				LD_RUNPATH_SEARCH_PATHS = (
					"$(inherited)",
					"@executable_path/Frameworks",
				);
				MARKETING_VERSION = 1.0;
				PRODUCT_BUNDLE_IDENTIFIER = "Nikita-Chekan.AwardsCollectionSwiftUI";
				PRODUCT_NAME = "$(TARGET_NAME)";
				SWIFT_EMIT_LOC_STRINGS = YES;
				SWIFT_VERSION = 5.0;
				TARGETED_DEVICE_FAMILY = "1,2";
			};
			name = Release;
		};
/* End XCBuildConfiguration section */

/* Begin XCConfigurationList section */
		DA3D3E982958BEBA002A6A76 /* Build configuration list for PBXProject "AwardsCollectionSwiftUI" */ = {
			isa = XCConfigurationList;
			buildConfigurations = (
				DA3D3EA92958BEBB002A6A76 /* Debug */,
				DA3D3EAA2958BEBB002A6A76 /* Release */,
			);
			defaultConfigurationIsVisible = 0;
			defaultConfigurationName = Release;
		};
		DA3D3EAB2958BEBB002A6A76 /* Build configuration list for PBXNativeTarget "AwardsCollectionSwiftUI" */ = {
			isa = XCConfigurationList;
			buildConfigurations = (
				DA3D3EAC2958BEBB002A6A76 /* Debug */,
				DA3D3EAD2958BEBB002A6A76 /* Release */,
			);
			defaultConfigurationIsVisible = 0;
			defaultConfigurationName = Release;
		};
/* End XCConfigurationList section */
	};
	rootObject = DA3D3E952958BEBA002A6A76 /* Project object */;
}
